
Microsoft Visual Studio Solution File, Format Version 12.00
# Visual Studio Version 17
VisualStudioVersion = 17.8.34525.116
MinimumVisualStudioVersion = 10.0.40219.1
Project("{FAE04EC0-301F-11D3-BF4B-00C04F79EFBC}") = "WebApplication3", "WebApplication3.csproj", "{B3FA7494-524B-4BE6-A7D5-F0C023633CE6}"
EndProject
Global
	GlobalSection(SolutionConfigurationPlatforms) = preSolution
		Debug|Any CPU = Debug|Any CPU
		Release|Any CPU = Release|Any CPU
	EndGlobalSection
	GlobalSection(ProjectConfigurationPlatforms) = postSolution
		{B3FA7494-524B-4BE6-A7D5-F0C023633CE6}.Debug|Any CPU.ActiveCfg = Debug|Any CPU
		{B3FA7494-524B-4BE6-A7D5-F0C023633CE6}.Debug|Any CPU.Build.0 = Debug|Any CPU
		{B3FA7494-524B-4BE6-A7D5-F0C023633CE6}.Release|Any CPU.ActiveCfg = Release|Any CPU
		{B3FA7494-524B-4BE6-A7D5-F0C023633CE6}.Release|Any CPU.Build.0 = Release|Any CPU
	EndGlobalSection
	GlobalSection(SolutionProperties) = preSolution
		HideSolutionNode = FALSE
	EndGlobalSection
	GlobalSection(ExtensibilityGlobals) = postSolution
		SolutionGuid = {14B2D6FA-713A-4545-A876-390197B9D948}
	EndGlobalSection
EndGlobal
